
Microsoft Visual Studio Solution File, Format Version 12.00
# Visual Studio 15
VisualStudioVersion = 15.0.26730.16
MinimumVisualStudioVersion = 10.0.40219.1
Project("{9A19103F-16F7-4668-BE54-9A1E7A4F7556}") = "API.TwitchBot", "TwitchBot\API.TwitchBot.csproj", "{DFAEB232-53B7-4D86-B1FF-34AF2B8484A4}"
EndProject
Global
	GlobalSection(SolutionConfigurationPlatforms) = preSolution
		Debug|Any CPU = Debug|Any CPU
		Release|Any CPU = Release|Any CPU
	EndGlobalSection
	GlobalSection(ProjectConfigurationPlatforms) = postSolution
		{DFAEB232-53B7-4D86-B1FF-34AF2B8484A4}.Debug|Any CPU.ActiveCfg = Debug|Any CPU
		{DFAEB232-53B7-4D86-B1FF-34AF2B8484A4}.Debug|Any CPU.Build.0 = Debug|Any CPU
		{DFAEB232-53B7-4D86-B1FF-34AF2B8484A4}.Release|Any CPU.ActiveCfg = Release|Any CPU
		{DFAEB232-53B7-4D86-B1FF-34AF2B8484A4}.Release|Any CPU.Build.0 = Release|Any CPU
	EndGlobalSection
	GlobalSection(SolutionProperties) = preSolution
		HideSolutionNode = FALSE
	EndGlobalSection
	GlobalSection(ExtensibilityGlobals) = postSolution
		SolutionGuid = {54D8FED2-FAEA-4F46-8C5C-FCEC5686A0C9}
	EndGlobalSection
EndGlobal
